
Microsoft Visual Studio Solution File, Format Version 12.00
# Visual Studio 15
VisualStudioVersion = 15.0.27130.2020
MinimumVisualStudioVersion = 10.0.40219.1
Project("{8BC9CEB8-8B4A-11D0-8D11-00A0C91BC942}") = "Platform_Game", "Platform_Game\Platform_Game.vcxproj", "{F0C13ED6-A756-451F-A7F6-04C9661E3A6A}"
EndProject
Global
	GlobalSection(SolutionConfigurationPlatforms) = preSolution
		Debug|x64 = Debug|x64
		Debug|x86 = Debug|x86
		Release|x64 = Release|x64
		Release|x86 = Release|x86
	EndGlobalSection
	GlobalSection(ProjectConfigurationPlatforms) = postSolution
		{F0C13ED6-A756-451F-A7F6-04C9661E3A6A}.Debug|x64.ActiveCfg = Debug|x64
		{F0C13ED6-A756-451F-A7F6-04C9661E3A6A}.Debug|x64.Build.0 = Debug|x64
		{F0C13ED6-A756-451F-A7F6-04C9661E3A6A}.Debug|x86.ActiveCfg = Debug|Win32
		{F0C13ED6-A756-451F-A7F6-04C9661E3A6A}.Debug|x86.Build.0 = Debug|Win32
		{F0C13ED6-A756-451F-A7F6-04C9661E3A6A}.Release|x64.ActiveCfg = Release|x64
		{F0C13ED6-A756-451F-A7F6-04C9661E3A6A}.Release|x64.Build.0 = Release|x64
		{F0C13ED6-A756-451F-A7F6-04C9661E3A6A}.Release|x86.ActiveCfg = Release|Win32
		{F0C13ED6-A756-451F-A7F6-04C9661E3A6A}.Release|x86.Build.0 = Release|Win32
	EndGlobalSection
	GlobalSection(SolutionProperties) = preSolution
		HideSolutionNode = FALSE
	EndGlobalSection
	GlobalSection(ExtensibilityGlobals) = postSolution
		SolutionGuid = {8D4A06FF-FF9B-4311-8EE4-576174CF942E}
	EndGlobalSection
EndGlobal
